{
  "name": "genome-spy-playground",
  "version": "0.1.5",
  "lockfileVersion": 1,
  "requires": true,
  "dependencies": {
    "@fortawesome/fontawesome-common-types": {
      "version": "0.2.30",
      "resolved": "https://registry.npmjs.org/@fortawesome/fontawesome-common-types/-/fontawesome-common-types-0.2.30.tgz",
      "integrity": "sha512-TsRwpTuKwFNiPhk1UfKgw7zNPeV5RhNp2Uw3pws+9gDAkPGKrtjR1y2lI3SYn7+YzyfuNknflpBA1LRKjt7hMg=="
    },
    "@fortawesome/fontawesome-free": {
      "version": "5.14.0",
      "resolved": "https://registry.npmjs.org/@fortawesome/fontawesome-free/-/fontawesome-free-5.14.0.tgz",
      "integrity": "sha512-OfdMsF+ZQgdKHP9jUbmDcRrP0eX90XXrsXIdyjLbkmSBzmMXPABB8eobUJtivaupucYaByz6WNe1PI1JuYm3qA=="
    },
    "@fortawesome/fontawesome-svg-core": {
      "version": "1.2.30",
      "resolved": "https://registry.npmjs.org/@fortawesome/fontawesome-svg-core/-/fontawesome-svg-core-1.2.30.tgz",
      "integrity": "sha512-E3sAXATKCSVnT17HYmZjjbcmwihrNOCkoU7dVMlasrcwiJAHxSKeZ+4WN5O+ElgO/FaYgJmASl8p9N7/B/RttA==",
      "requires": {
        "@fortawesome/fontawesome-common-types": "^0.2.30"
      }
    },
    "@fortawesome/free-solid-svg-icons": {
      "version": "5.14.0",
      "resolved": "https://registry.npmjs.org/@fortawesome/free-solid-svg-icons/-/free-solid-svg-icons-5.14.0.tgz",
      "integrity": "sha512-M933RDM8cecaKMWDSk3FRYdnzWGW7kBBlGNGfvqLVwcwhUPNj9gcw+xZMrqBdRqxnSXdl3zWzTCNNGEtFUq67Q==",
      "requires": {
        "@fortawesome/fontawesome-common-types": "^0.2.30"
      }
    },
    "codemirror": {
      "version": "5.56.0",
      "resolved": "https://registry.npmjs.org/codemirror/-/codemirror-5.56.0.tgz",
      "integrity": "sha512-MfKVmYgifXjQpLSgpETuih7A7WTTIsxvKfSLGseTY5+qt0E1UD1wblZGM6WLenORo8sgmf+3X+WTe2WF7mufyw=="
    },
    "commander": {
      "version": "2.20.3",
      "resolved": "https://registry.npmjs.org/commander/-/commander-2.20.3.tgz",
      "integrity": "sha512-GpVkmM8vF2vQUkj2LvZmD35JxeJOLCwJ9cUkugyk2nuhbv3+mJvpLYYt+0+USMxE+oj+ey/lJEnhZw75x/OMcQ=="
    },
    "d3-array": {
      "version": "2.8.0",
      "resolved": "https://registry.npmjs.org/d3-array/-/d3-array-2.8.0.tgz",
      "integrity": "sha512-6V272gsOeg7+9pTW1jSYOR1QE37g95I3my1hBmY+vOUNHRrk9yt4OTz/gK7PMkVAVDrYYq4mq3grTiZ8iJdNIw=="
    },
    "d3-dsv": {
      "version": "2.0.0",
      "resolved": "https://registry.npmjs.org/d3-dsv/-/d3-dsv-2.0.0.tgz",
      "integrity": "sha512-E+Pn8UJYx9mViuIUkoc93gJGGYut6mSDKy2+XaPwccwkRGlR+LO97L2VCCRjQivTwLHkSnAJG7yo00BWY6QM+w==",
      "requires": {
        "commander": "2",
        "iconv-lite": "0.4",
        "rw": "1"
      }
    },
    "d3-format": {
      "version": "2.0.0",
      "resolved": "https://registry.npmjs.org/d3-format/-/d3-format-2.0.0.tgz",
      "integrity": "sha512-Ab3S6XuE/Q+flY96HXT0jOXcM4EAClYFnRGY5zsjRGNy6qCYrQsMffs7cV5Q9xejb35zxW5hf/guKw34kvIKsA=="
    },
    "d3-time": {
      "version": "2.0.0",
      "resolved": "https://registry.npmjs.org/d3-time/-/d3-time-2.0.0.tgz",
      "integrity": "sha512-2mvhstTFcMvwStWd9Tj3e6CEqtOivtD8AUiHT8ido/xmzrI9ijrUUihZ6nHuf/vsScRBonagOdj0Vv+SEL5G3Q=="
    },
    "d3-time-format": {
      "version": "3.0.0",
      "resolved": "https://registry.npmjs.org/d3-time-format/-/d3-time-format-3.0.0.tgz",
      "integrity": "sha512-UXJh6EKsHBTjopVqZBhFysQcoXSv/5yLONZvkQ5Kk3qbwiUYkdX17Xa1PT6U1ZWXGGfB1ey5L8dKMlFq2DO0Ag==",
      "requires": {
        "d3-time": "1 - 2"
      }
    },
    "iconv-lite": {
      "version": "0.4.24",
      "resolved": "https://registry.npmjs.org/iconv-lite/-/iconv-lite-0.4.24.tgz",
      "integrity": "sha512-v3MXnZAcvnywkTUEZomIActle7RXXeedOR31wwl7VlyoXO4Qi9arvSenNQWne1TcRwhCL1HwLI21bEqdpj8/rA==",
      "requires": {
        "safer-buffer": ">= 2.1.2 < 3"
      }
    },
    "lit-html": {
      "version": "1.3.0",
      "resolved": "https://registry.npmjs.org/lit-html/-/lit-html-1.3.0.tgz",
      "integrity": "sha512-0Q1bwmaFH9O14vycPHw8C/IeHMk/uSDldVLIefu/kfbTBGIc44KGH6A8p1bDfxUfHdc8q6Ct7kQklWoHgr4t1Q=="
    },
    "node-fetch": {
      "version": "2.6.1",
      "resolved": "https://registry.npmjs.org/node-fetch/-/node-fetch-2.6.1.tgz",
      "integrity": "sha512-V4aYg89jEoVRxRb2fJdAg8FHvI7cEyYdVAh94HH0UIK8oJxUfkjlDQN9RbMx+bEjP7+ggMiFRprSti032Oipxw=="
    },
    "rw": {
      "version": "1.3.3",
      "resolved": "https://registry.npmjs.org/rw/-/rw-1.3.3.tgz",
      "integrity": "sha1-P4Yt+pGrdmsUiF700BEkv9oHT7Q="
    },
    "safer-buffer": {
      "version": "2.1.2",
      "resolved": "https://registry.npmjs.org/safer-buffer/-/safer-buffer-2.1.2.tgz",
      "integrity": "sha512-YZo3K82SD7Riyi0E1EQPojLz7kpepnSQI9IyPbHHg1XXXevb5dJI7tpyN2ADxGcQbHG7vcyRHk0cbwqcQriUtg=="
    },
    "topojson-client": {
      "version": "3.1.0",
      "resolved": "https://registry.npmjs.org/topojson-client/-/topojson-client-3.1.0.tgz",
      "integrity": "sha512-605uxS6bcYxGXw9qi62XyrV6Q3xwbndjachmNxu8HWTtVPxZfEJN9fd/SZS1Q54Sn2y0TMyMxFj/cJINqGHrKw==",
      "requires": {
        "commander": "2"
      }
    },
    "vega-format": {
      "version": "1.0.4",
      "resolved": "https://registry.npmjs.org/vega-format/-/vega-format-1.0.4.tgz",
      "integrity": "sha512-oTAeub3KWm6nKhXoYCx1q9G3K43R6/pDMXvqDlTSUtjoY7b/Gixm8iLcir5S9bPjvH40n4AcbZsPmNfL/Up77A==",
      "requires": {
        "d3-array": "^2.7.1",
        "d3-format": "^2.0.0",
        "d3-time-format": "^3.0.0",
        "vega-time": "^2.0.3",
        "vega-util": "^1.15.2"
      }
    },
    "vega-loader": {
      "version": "4.4.0",
      "resolved": "https://registry.npmjs.org/vega-loader/-/vega-loader-4.4.0.tgz",
      "integrity": "sha512-e5enQECdau7rJob0NFB5pGumh3RaaSWWm90+boxMy3ay2b4Ki/3XIvo+C4F1Lx04qSxvQF7tO2LJcklRm6nqRA==",
      "requires": {
        "d3-dsv": "^2.0.0",
        "node-fetch": "^2.6.1",
        "topojson-client": "^3.1.0",
        "vega-format": "^1.0.4",
        "vega-util": "^1.16.0"
      }
    },
    "vega-time": {
      "version": "2.0.4",
      "resolved": "https://registry.npmjs.org/vega-time/-/vega-time-2.0.4.tgz",
      "integrity": "sha512-U314UDR9+ZlWrD3KBaeH+j/c2WSMdvcZq5yJfFT0yTg1jsBKAQBYFGvl+orackD8Zx3FveHOxx3XAObaQeDX+Q==",
      "requires": {
        "d3-array": "^2.7.1",
        "d3-time": "^2.0.0",
        "vega-util": "^1.15.2"
      }
    },
    "vega-util": {
      "version": "1.16.0",
      "resolved": "https://registry.npmjs.org/vega-util/-/vega-util-1.16.0.tgz",
      "integrity": "sha512-6mmz6mI+oU4zDMeKjgvE2Fjz0Oh6zo6WGATcvCfxH2gXBzhBHmy5d25uW5Zjnkc6QBXSWPLV9Xa6SiqMsrsKog=="
    }
  }
}
